
Microsoft Visual Studio Solution File, Format Version 12.00
# Visual Studio Version 17
VisualStudioVersion = 17.0.31611.283
MinimumVisualStudioVersion = 10.0.40219.1
Project("{9A19103F-16F7-4668-BE54-9A1E7A4F7556}") = "RaspCalc", "RaspCalc\RaspCalc.csproj", "{20A0A245-0782-478E-A26F-47E7FEA442DF}"
EndProject
Project("{9A19103F-16F7-4668-BE54-9A1E7A4F7556}") = "RaspCalc.Tests", "RaspCalc.Tests\RaspCalc.Tests.csproj", "{032387F4-EEC9-455B-B4DF-865943130D86}"
EndProject
Global
	GlobalSection(SolutionConfigurationPlatforms) = preSolution
		Debug|Any CPU = Debug|Any CPU
		Release|Any CPU = Release|Any CPU
	EndGlobalSection
	GlobalSection(ProjectConfigurationPlatforms) = postSolution
		{20A0A245-0782-478E-A26F-47E7FEA442DF}.Debug|Any CPU.ActiveCfg = Debug|Any CPU
		{20A0A245-0782-478E-A26F-47E7FEA442DF}.Debug|Any CPU.Build.0 = Debug|Any CPU
		{20A0A245-0782-478E-A26F-47E7FEA442DF}.Debug|Any CPU.Deploy.0 = Debug|Any CPU
		{20A0A245-0782-478E-A26F-47E7FEA442DF}.Release|Any CPU.ActiveCfg = Release|Any CPU
		{20A0A245-0782-478E-A26F-47E7FEA442DF}.Release|Any CPU.Build.0 = Release|Any CPU
		{20A0A245-0782-478E-A26F-47E7FEA442DF}.Release|Any CPU.Deploy.0 = Release|Any CPU
		{032387F4-EEC9-455B-B4DF-865943130D86}.Debug|Any CPU.ActiveCfg = Debug|Any CPU
		{032387F4-EEC9-455B-B4DF-865943130D86}.Debug|Any CPU.Build.0 = Debug|Any CPU
		{032387F4-EEC9-455B-B4DF-865943130D86}.Release|Any CPU.ActiveCfg = Release|Any CPU
		{032387F4-EEC9-455B-B4DF-865943130D86}.Release|Any CPU.Build.0 = Release|Any CPU
	EndGlobalSection
	GlobalSection(SolutionProperties) = preSolution
		HideSolutionNode = FALSE
	EndGlobalSection
	GlobalSection(ExtensibilityGlobals) = postSolution
		SolutionGuid = {61F7FB11-1E47-470C-91E2-47F8143E1572}
	EndGlobalSection
EndGlobal
